
Microsoft Visual Studio Solution File, Format Version 12.00
Project("{2150E333-8FDC-42A3-9474-1A3956D46DE8}") = "Common", "Common", "{BD1C320A-EE67-4E1B-B552-DD553523C005}"
EndProject
Project("{2150E333-8FDC-42A3-9474-1A3956D46DE8}") = "Core", "Core", "{96524D3F-7D70-40D2-94D8-392280F8DD95}"
EndProject
Project("{2150E333-8FDC-42A3-9474-1A3956D46DE8}") = "Infrastructure", "Infrastructure", "{D5E91CF9-92C7-40D4-8580-2470C5203382}"
EndProject
Project("{2150E333-8FDC-42A3-9474-1A3956D46DE8}") = "Presentation", "Presentation", "{C5EAB8A6-FE72-4EA6-B382-B79D51FD232F}"
EndProject
Project("{FAE04EC0-301F-11D3-BF4B-00C04F79EFBC}") = "Domain", "Domain\Domain.csproj", "{68E7F380-B029-4BFD-A216-6EFEE9D63C3A}"
EndProject
Project("{FAE04EC0-301F-11D3-BF4B-00C04F79EFBC}") = "Application", "Application\Application.csproj", "{4AAF53AA-B8C9-4D04-8DE3-EE7C8F71B7A8}"
EndProject
Project("{FAE04EC0-301F-11D3-BF4B-00C04F79EFBC}") = "Persistence", "Persistence\Persistence.csproj", "{069B1357-D61A-4235-AB4E-195AA313907E}"
EndProject
Project("{FAE04EC0-301F-11D3-BF4B-00C04F79EFBC}") = "Infrastructure", "Infrastructure\Infrastructure.csproj", "{2FD5434E-0E85-4938-9FF7-28318BE780F7}"
EndProject
Project("{2150E333-8FDC-42A3-9474-1A3956D46DE8}") = "Src", "Src", "{83FD1971-2840-4CA7-B7CD-04BB6DA6D933}"
EndProject
Project("{FAE04EC0-301F-11D3-BF4B-00C04F79EFBC}") = "Presentation", "Presentation\Presentation.csproj", "{0C33308D-7DD5-4B6E-9068-DA7729359AE7}"
EndProject
Global
	GlobalSection(SolutionConfigurationPlatforms) = preSolution
		Debug|Any CPU = Debug|Any CPU
		Release|Any CPU = Release|Any CPU
	EndGlobalSection
	GlobalSection(NestedProjects) = preSolution
		{68E7F380-B029-4BFD-A216-6EFEE9D63C3A} = {96524D3F-7D70-40D2-94D8-392280F8DD95}
		{4AAF53AA-B8C9-4D04-8DE3-EE7C8F71B7A8} = {96524D3F-7D70-40D2-94D8-392280F8DD95}
		{069B1357-D61A-4235-AB4E-195AA313907E} = {D5E91CF9-92C7-40D4-8580-2470C5203382}
		{2FD5434E-0E85-4938-9FF7-28318BE780F7} = {D5E91CF9-92C7-40D4-8580-2470C5203382}
		{C5EAB8A6-FE72-4EA6-B382-B79D51FD232F} = {83FD1971-2840-4CA7-B7CD-04BB6DA6D933}
		{D5E91CF9-92C7-40D4-8580-2470C5203382} = {83FD1971-2840-4CA7-B7CD-04BB6DA6D933}
		{96524D3F-7D70-40D2-94D8-392280F8DD95} = {83FD1971-2840-4CA7-B7CD-04BB6DA6D933}
		{BD1C320A-EE67-4E1B-B552-DD553523C005} = {83FD1971-2840-4CA7-B7CD-04BB6DA6D933}
		{0C33308D-7DD5-4B6E-9068-DA7729359AE7} = {C5EAB8A6-FE72-4EA6-B382-B79D51FD232F}
	EndGlobalSection
	GlobalSection(ProjectConfigurationPlatforms) = postSolution
		{68E7F380-B029-4BFD-A216-6EFEE9D63C3A}.Debug|Any CPU.ActiveCfg = Debug|Any CPU
		{68E7F380-B029-4BFD-A216-6EFEE9D63C3A}.Debug|Any CPU.Build.0 = Debug|Any CPU
		{68E7F380-B029-4BFD-A216-6EFEE9D63C3A}.Release|Any CPU.ActiveCfg = Release|Any CPU
		{68E7F380-B029-4BFD-A216-6EFEE9D63C3A}.Release|Any CPU.Build.0 = Release|Any CPU
		{4AAF53AA-B8C9-4D04-8DE3-EE7C8F71B7A8}.Debug|Any CPU.ActiveCfg = Debug|Any CPU
		{4AAF53AA-B8C9-4D04-8DE3-EE7C8F71B7A8}.Debug|Any CPU.Build.0 = Debug|Any CPU
		{4AAF53AA-B8C9-4D04-8DE3-EE7C8F71B7A8}.Release|Any CPU.ActiveCfg = Release|Any CPU
		{4AAF53AA-B8C9-4D04-8DE3-EE7C8F71B7A8}.Release|Any CPU.Build.0 = Release|Any CPU
		{069B1357-D61A-4235-AB4E-195AA313907E}.Debug|Any CPU.ActiveCfg = Debug|Any CPU
		{069B1357-D61A-4235-AB4E-195AA313907E}.Debug|Any CPU.Build.0 = Debug|Any CPU
		{069B1357-D61A-4235-AB4E-195AA313907E}.Release|Any CPU.ActiveCfg = Release|Any CPU
		{069B1357-D61A-4235-AB4E-195AA313907E}.Release|Any CPU.Build.0 = Release|Any CPU
		{2FD5434E-0E85-4938-9FF7-28318BE780F7}.Debug|Any CPU.ActiveCfg = Debug|Any CPU
		{2FD5434E-0E85-4938-9FF7-28318BE780F7}.Debug|Any CPU.Build.0 = Debug|Any CPU
		{2FD5434E-0E85-4938-9FF7-28318BE780F7}.Release|Any CPU.ActiveCfg = Release|Any CPU
		{2FD5434E-0E85-4938-9FF7-28318BE780F7}.Release|Any CPU.Build.0 = Release|Any CPU
		{0C33308D-7DD5-4B6E-9068-DA7729359AE7}.Debug|Any CPU.ActiveCfg = Debug|Any CPU
		{0C33308D-7DD5-4B6E-9068-DA7729359AE7}.Debug|Any CPU.Build.0 = Debug|Any CPU
		{0C33308D-7DD5-4B6E-9068-DA7729359AE7}.Release|Any CPU.ActiveCfg = Release|Any CPU
		{0C33308D-7DD5-4B6E-9068-DA7729359AE7}.Release|Any CPU.Build.0 = Release|Any CPU
	EndGlobalSection
EndGlobal
